// !$*UTF8*$!
{
	archiveVersion = 1;
	classes = {
	};
	objectVersion = 50;
	objects = {

/* Begin PBXBuildFile section */
		0D10B99C274ECED8003C42DC /* UserDefault.swift in Sources */ = {isa = PBXBuildFile; fileRef = 0D10B99B274ECED8003C42DC /* UserDefault.swift */; };
		0D10B99F274ECF16003C42DC /* BoxStatus.swift in Sources */ = {isa = PBXBuildFile; fileRef = 0D10B99E274ECF16003C42DC /* BoxStatus.swift */; };
		0D10B9A1274ECF36003C42DC /* StatusEnum.swift in Sources */ = {isa = PBXBuildFile; fileRef = 0D10B9A0274ECF36003C42DC /* StatusEnum.swift */; };
		0D10B9A3274ECF5E003C42DC /* TicTacToeModel.swift in Sources */ = {isa = PBXBuildFile; fileRef = 0D10B9A2274ECF5E003C42DC /* TicTacToeModel.swift */; };
		0D10B9A5274ECFF4003C42DC /* TicTacToeIA.swift in Sources */ = {isa = PBXBuildFile; fileRef = 0D10B9A4274ECFF4003C42DC /* TicTacToeIA.swift */; };
		0D10B9A8274ED067003C42DC /* Notification.name.swift in Sources */ = {isa = PBXBuildFile; fileRef = 0D10B9A7274ED067003C42DC /* Notification.name.swift */; };
		0D10B9AA274ED09C003C42DC /* Notification.swift in Sources */ = {isa = PBXBuildFile; fileRef = 0D10B9A9274ED09C003C42DC /* Notification.swift */; };
		0D10B9AD274EDA39003C42DC /* TicTacToeViewController.swift in Sources */ = {isa = PBXBuildFile; fileRef = 0D10B9AC274EDA39003C42DC /* TicTacToeViewController.swift */; };
		0D10B9B0274EDC80003C42DC /* UIViewController.swift in Sources */ = {isa = PBXBuildFile; fileRef = 0D10B9AF274EDC80003C42DC /* UIViewController.swift */; };
		0D10B9B3274EDCC0003C42DC /* UIButton.swift in Sources */ = {isa = PBXBuildFile; fileRef = 0D10B9B2274EDCC0003C42DC /* UIButton.swift */; };
		0D10B9B5274EE25A003C42DC /* TicTacToeModelTests.swift in Sources */ = {isa = PBXBuildFile; fileRef = 0D10B9B4274EE25A003C42DC /* TicTacToeModelTests.swift */; };
		0D10B9B9274EE812003C42DC /* PreferencesViewController.swift in Sources */ = {isa = PBXBuildFile; fileRef = 0D10B9B8274EE812003C42DC /* PreferencesViewController.swift */; };
		0D489591274EC2EC000FD355 /* AppDelegate.swift in Sources */ = {isa = PBXBuildFile; fileRef = 0D489590274EC2EC000FD355 /* AppDelegate.swift */; };
		0D489593274EC2EC000FD355 /* SceneDelegate.swift in Sources */ = {isa = PBXBuildFile; fileRef = 0D489592274EC2EC000FD355 /* SceneDelegate.swift */; };
		0D489598274EC2EC000FD355 /* Main.storyboard in Resources */ = {isa = PBXBuildFile; fileRef = 0D489596274EC2EC000FD355 /* Main.storyboard */; };
		0D48959A274EC2F5000FD355 /* Assets.xcassets in Resources */ = {isa = PBXBuildFile; fileRef = 0D489599274EC2F5000FD355 /* Assets.xcassets */; };
		0D48959D274EC2F5000FD355 /* LaunchScreen.storyboard in Resources */ = {isa = PBXBuildFile; fileRef = 0D48959B274EC2F5000FD355 /* LaunchScreen.storyboard */; };
/* End PBXBuildFile section */

/* Begin PBXContainerItemProxy section */
		0D4895A4274EC2F6000FD355 /* PBXContainerItemProxy */ = {
			isa = PBXContainerItemProxy;
			containerPortal = 0D489585274EC2EB000FD355 /* Project object */;
			proxyType = 1;
			remoteGlobalIDString = 0D48958C274EC2EC000FD355;
			remoteInfo = TicTacToe;
		};
		0D4895AF274EC2F6000FD355 /* PBXContainerItemProxy */ = {
			isa = PBXContainerItemProxy;
			containerPortal = 0D489585274EC2EB000FD355 /* Project object */;
			proxyType = 1;
			remoteGlobalIDString = 0D48958C274EC2EC000FD355;
			remoteInfo = TicTacToe;
		};
/* End PBXContainerItemProxy section */

/* Begin PBXFileReference section */
		0D10B99B274ECED8003C42DC /* UserDefault.swift */ = {isa = PBXFileReference; lastKnownFileType = sourcecode.swift; path = UserDefault.swift; sourceTree = "<group>"; };
		0D10B99E274ECF16003C42DC /* BoxStatus.swift */ = {isa = PBXFileReference; lastKnownFileType = sourcecode.swift; path = BoxStatus.swift; sourceTree = "<group>"; };
		0D10B9A0274ECF36003C42DC /* StatusEnum.swift */ = {isa = PBXFileReference; lastKnownFileType = sourcecode.swift; path = StatusEnum.swift; sourceTree = "<group>"; };
		0D10B9A2274ECF5E003C42DC /* TicTacToeModel.swift */ = {isa = PBXFileReference; lastKnownFileType = sourcecode.swift; path = TicTacToeModel.swift; sourceTree = "<group>"; };
		0D10B9A4274ECFF4003C42DC /* TicTacToeIA.swift */ = {isa = PBXFileReference; lastKnownFileType = sourcecode.swift; path = TicTacToeIA.swift; sourceTree = "<group>"; };
		0D10B9A7274ED067003C42DC /* Notification.name.swift */ = {isa = PBXFileReference; lastKnownFileType = sourcecode.swift; path = Notification.name.swift; sourceTree = "<group>"; };
		0D10B9A9274ED09C003C42DC /* Notification.swift */ = {isa = PBXFileReference; lastKnownFileType = sourcecode.swift; path = Notification.swift; sourceTree = "<group>"; };
		0D10B9AC274EDA39003C42DC /* TicTacToeViewController.swift */ = {isa = PBXFileReference; lastKnownFileType = sourcecode.swift; path = TicTacToeViewController.swift; sourceTree = "<group>"; };
		0D10B9AF274EDC80003C42DC /* UIViewController.swift */ = {isa = PBXFileReference; lastKnownFileType = sourcecode.swift; path = UIViewController.swift; sourceTree = "<group>"; };
		0D10B9B2274EDCC0003C42DC /* UIButton.swift */ = {isa = PBXFileReference; lastKnownFileType = sourcecode.swift; path = UIButton.swift; sourceTree = "<group>"; };
		0D10B9B4274EE25A003C42DC /* TicTacToeModelTests.swift */ = {isa = PBXFileReference; lastKnownFileType = sourcecode.swift; path = TicTacToeModelTests.swift; sourceTree = "<group>"; };
		0D10B9B8274EE812003C42DC /* PreferencesViewController.swift */ = {isa = PBXFileReference; lastKnownFileType = sourcecode.swift; path = PreferencesViewController.swift; sourceTree = "<group>"; };
		0D48958D274EC2EC000FD355 /* TicTacToe.app */ = {isa = PBXFileReference; explicitFileType = wrapper.application; includeInIndex = 0; path = TicTacToe.app; sourceTree = BUILT_PRODUCTS_DIR; };
		0D489590274EC2EC000FD355 /* AppDelegate.swift */ = {isa = PBXFileReference; lastKnownFileType = sourcecode.swift; path = AppDelegate.swift; sourceTree = "<group>"; };
		0D489592274EC2EC000FD355 /* SceneDelegate.swift */ = {isa = PBXFileReference; lastKnownFileType = sourcecode.swift; path = SceneDelegate.swift; sourceTree = "<group>"; };
		0D489597274EC2EC000FD355 /* Base */ = {isa = PBXFileReference; lastKnownFileType = file.storyboard; name = Base; path = Base.lproj/Main.storyboard; sourceTree = "<group>"; };
		0D489599274EC2F5000FD355 /* Assets.xcassets */ = {isa = PBXFileReference; lastKnownFileType = folder.assetcatalog; path = Assets.xcassets; sourceTree = "<group>"; };
		0D48959C274EC2F5000FD355 /* Base */ = {isa = PBXFileReference; lastKnownFileType = file.storyboard; name = Base; path = Base.lproj/LaunchScreen.storyboard; sourceTree = "<group>"; };
		0D48959E274EC2F5000FD355 /* Info.plist */ = {isa = PBXFileReference; lastKnownFileType = text.plist.xml; path = Info.plist; sourceTree = "<group>"; };
		0D4895A3274EC2F6000FD355 /* TicTacToeTests.xctest */ = {isa = PBXFileReference; explicitFileType = wrapper.cfbundle; includeInIndex = 0; path = TicTacToeTests.xctest; sourceTree = BUILT_PRODUCTS_DIR; };
		0D4895A9274EC2F6000FD355 /* Info.plist */ = {isa = PBXFileReference; lastKnownFileType = text.plist.xml; path = Info.plist; sourceTree = "<group>"; };
		0D4895AE274EC2F6000FD355 /* TicTacToeUITests.xctest */ = {isa = PBXFileReference; explicitFileType = wrapper.cfbundle; includeInIndex = 0; path = TicTacToeUITests.xctest; sourceTree = BUILT_PRODUCTS_DIR; };
/* End PBXFileReference section */

/* Begin PBXFrameworksBuildPhase section */
		0D48958A274EC2EC000FD355 /* Frameworks */ = {
			isa = PBXFrameworksBuildPhase;
			buildActionMask = 2147483647;
			files = (
			);
			runOnlyForDeploymentPostprocessing = 0;
		};
		0D4895A0274EC2F6000FD355 /* Frameworks */ = {
			isa = PBXFrameworksBuildPhase;
			buildActionMask = 2147483647;
			files = (
			);
			runOnlyForDeploymentPostprocessing = 0;
		};
		0D4895AB274EC2F6000FD355 /* Frameworks */ = {
			isa = PBXFrameworksBuildPhase;
			buildActionMask = 2147483647;
			files = (
			);
			runOnlyForDeploymentPostprocessing = 0;
		};
/* End PBXFrameworksBuildPhase section */

/* Begin PBXGroup section */
		0D10B99D274ECEF4003C42DC /* TicTacToe */ = {
			isa = PBXGroup;
			children = (
				0D10B99E274ECF16003C42DC /* BoxStatus.swift */,
				0D10B9A0274ECF36003C42DC /* StatusEnum.swift */,
				0D10B9A2274ECF5E003C42DC /* TicTacToeModel.swift */,
				0D10B9A4274ECFF4003C42DC /* TicTacToeIA.swift */,
			);
			path = TicTacToe;
			sourceTree = "<group>";
		};
		0D10B9A6274ED03D003C42DC /* Extension */ = {
			isa = PBXGroup;
			children = (
				0D10B9A7274ED067003C42DC /* Notification.name.swift */,
				0D10B9A9274ED09C003C42DC /* Notification.swift */,
			);
			path = Extension;
			sourceTree = "<group>";
		};
		0D10B9AB274ED0C1003C42DC /* Supporting Files */ = {
			isa = PBXGroup;
			children = (
				0D489590274EC2EC000FD355 /* AppDelegate.swift */,
				0D489592274EC2EC000FD355 /* SceneDelegate.swift */,
				0D489599274EC2F5000FD355 /* Assets.xcassets */,
			);
			path = "Supporting Files";
			sourceTree = "<group>";
		};
		0D10B9AE274EDC58003C42DC /* Extension */ = {
			isa = PBXGroup;
			children = (
				0D10B9AF274EDC80003C42DC /* UIViewController.swift */,
			);
			path = Extension;
			sourceTree = "<group>";
		};
		0D10B9B1274EDCA8003C42DC /* Extension */ = {
			isa = PBXGroup;
			children = (
				0D10B9B2274EDCC0003C42DC /* UIButton.swift */,
			);
			path = Extension;
			sourceTree = "<group>";
		};
		0D489584274EC2EB000FD355 = {
			isa = PBXGroup;
			children = (
				0D48958F274EC2EC000FD355 /* TicTacToe */,
				0D4895A6274EC2F6000FD355 /* TicTacToeTests */,
				0D48958E274EC2EC000FD355 /* Products */,
			);
			sourceTree = "<group>";
		};
		0D48958E274EC2EC000FD355 /* Products */ = {
			isa = PBXGroup;
			children = (
				0D48958D274EC2EC000FD355 /* TicTacToe.app */,
				0D4895A3274EC2F6000FD355 /* TicTacToeTests.xctest */,
				0D4895AE274EC2F6000FD355 /* TicTacToeUITests.xctest */,
			);
			name = Products;
			sourceTree = "<group>";
		};
		0D48958F274EC2EC000FD355 /* TicTacToe */ = {
			isa = PBXGroup;
			children = (
				0D48959E274EC2F5000FD355 /* Info.plist */,
				0D4895C0274EC350000FD355 /* Model */,
				0D4895C1274EC359000FD355 /* View */,
				0D4895C2274EC361000FD355 /* Controller */,
				0D10B9AB274ED0C1003C42DC /* Supporting Files */,
			);
			path = TicTacToe;
			sourceTree = "<group>";
		};
		0D4895A6274EC2F6000FD355 /* TicTacToeTests */ = {
			isa = PBXGroup;
			children = (
				0D10B9B4274EE25A003C42DC /* TicTacToeModelTests.swift */,
				0D4895A9274EC2F6000FD355 /* Info.plist */,
			);
			path = TicTacToeTests;
			sourceTree = "<group>";
		};
		0D4895C0274EC350000FD355 /* Model */ = {
			isa = PBXGroup;
			children = (
				0D4895C3274ECBD1000FD355 /* UserDefault */,
				0D10B99D274ECEF4003C42DC /* TicTacToe */,
				0D10B9A6274ED03D003C42DC /* Extension */,
			);
			path = Model;
			sourceTree = "<group>";
		};
		0D4895C1274EC359000FD355 /* View */ = {
			isa = PBXGroup;
			children = (
				0D489596274EC2EC000FD355 /* Main.storyboard */,
				0D48959B274EC2F5000FD355 /* LaunchScreen.storyboard */,
				0D10B9B1274EDCA8003C42DC /* Extension */,
			);
			path = View;
			sourceTree = "<group>";
		};
		0D4895C2274EC361000FD355 /* Controller */ = {
			isa = PBXGroup;
			children = (
				0D10B9AC274EDA39003C42DC /* TicTacToeViewController.swift */,
				0D10B9B8274EE812003C42DC /* PreferencesViewController.swift */,
				0D10B9AE274EDC58003C42DC /* Extension */,
			);
			path = Controller;
			sourceTree = "<group>";
		};
		0D4895C3274ECBD1000FD355 /* UserDefault */ = {
			isa = PBXGroup;
			children = (
				0D10B99B274ECED8003C42DC /* UserDefault.swift */,
			);
			name = UserDefault;
			path = "New Group";
			sourceTree = "<group>";
		};
/* End PBXGroup section */

/* Begin PBXNativeTarget section */
		0D48958C274EC2EC000FD355 /* TicTacToe */ = {
			isa = PBXNativeTarget;
			buildConfigurationList = 0D4895B7274EC2F6000FD355 /* Build configuration list for PBXNativeTarget "TicTacToe" */;
			buildPhases = (
				0D489589274EC2EC000FD355 /* Sources */,
				0D48958A274EC2EC000FD355 /* Frameworks */,
				0D48958B274EC2EC000FD355 /* Resources */,
			);
			buildRules = (
			);
			dependencies = (
			);
			name = TicTacToe;
			productName = TicTacToe;
			productReference = 0D48958D274EC2EC000FD355 /* TicTacToe.app */;
			productType = "com.apple.product-type.application";
		};
		0D4895A2274EC2F6000FD355 /* TicTacToeTests */ = {
			isa = PBXNativeTarget;
			buildConfigurationList = 0D4895BA274EC2F6000FD355 /* Build configuration list for PBXNativeTarget "TicTacToeTests" */;
			buildPhases = (
				0D48959F274EC2F6000FD355 /* Sources */,
				0D4895A0274EC2F6000FD355 /* Frameworks */,
				0D4895A1274EC2F6000FD355 /* Resources */,
			);
			buildRules = (
			);
			dependencies = (
				0D4895A5274EC2F6000FD355 /* PBXTargetDependency */,
			);
			name = TicTacToeTests;
			productName = TicTacToeTests;
			productReference = 0D4895A3274EC2F6000FD355 /* TicTacToeTests.xctest */;
			productType = "com.apple.product-type.bundle.unit-test";
		};
		0D4895AD274EC2F6000FD355 /* TicTacToeUITests */ = {
			isa = PBXNativeTarget;
			buildConfigurationList = 0D4895BD274EC2F6000FD355 /* Build configuration list for PBXNativeTarget "TicTacToeUITests" */;
			buildPhases = (
				0D4895AA274EC2F6000FD355 /* Sources */,
				0D4895AB274EC2F6000FD355 /* Frameworks */,
				0D4895AC274EC2F6000FD355 /* Resources */,
			);
			buildRules = (
			);
			dependencies = (
				0D4895B0274EC2F6000FD355 /* PBXTargetDependency */,
			);
			name = TicTacToeUITests;
			productName = TicTacToeUITests;
			productReference = 0D4895AE274EC2F6000FD355 /* TicTacToeUITests.xctest */;
			productType = "com.apple.product-type.bundle.ui-testing";
		};
/* End PBXNativeTarget section */

/* Begin PBXProject section */
		0D489585274EC2EB000FD355 /* Project object */ = {
			isa = PBXProject;
			attributes = {
				LastSwiftUpdateCheck = 1250;
				LastUpgradeCheck = 1250;
				TargetAttributes = {
					0D48958C274EC2EC000FD355 = {
						CreatedOnToolsVersion = 12.5.1;
					};
					0D4895A2274EC2F6000FD355 = {
						CreatedOnToolsVersion = 12.5.1;
						TestTargetID = 0D48958C274EC2EC000FD355;
					};
					0D4895AD274EC2F6000FD355 = {
						CreatedOnToolsVersion = 12.5.1;
						TestTargetID = 0D48958C274EC2EC000FD355;
					};
				};
			};
			buildConfigurationList = 0D489588274EC2EC000FD355 /* Build configuration list for PBXProject "TicTacToe" */;
			compatibilityVersion = "Xcode 9.3";
			developmentRegion = en;
			hasScannedForEncodings = 0;
			knownRegions = (
				en,
				Base,
			);
			mainGroup = 0D489584274EC2EB000FD355;
			productRefGroup = 0D48958E274EC2EC000FD355 /* Products */;
			projectDirPath = "";
			projectRoot = "";
			targets = (
				0D48958C274EC2EC000FD355 /* TicTacToe */,
				0D4895A2274EC2F6000FD355 /* TicTacToeTests */,
				0D4895AD274EC2F6000FD355 /* TicTacToeUITests */,
			);
		};
/* End PBXProject section */

/* Begin PBXResourcesBuildPhase section */
		0D48958B274EC2EC000FD355 /* Resources */ = {
			isa = PBXResourcesBuildPhase;
			buildActionMask = 2147483647;
			files = (
				0D48959D274EC2F5000FD355 /* LaunchScreen.storyboard in Resources */,
				0D48959A274EC2F5000FD355 /* Assets.xcassets in Resources */,
				0D489598274EC2EC000FD355 /* Main.storyboard in Resources */,
			);
			runOnlyForDeploymentPostprocessing = 0;
		};
		0D4895A1274EC2F6000FD355 /* Resources */ = {
			isa = PBXResourcesBuildPhase;
			buildActionMask = 2147483647;
			files = (
			);
			runOnlyForDeploymentPostprocessing = 0;
		};
		0D4895AC274EC2F6000FD355 /* Resources */ = {
			isa = PBXResourcesBuildPhase;
			buildActionMask = 2147483647;
			files = (
			);
			runOnlyForDeploymentPostprocessing = 0;
		};
/* End PBXResourcesBuildPhase section */

/* Begin PBXSourcesBuildPhase section */
		0D489589274EC2EC000FD355 /* Sources */ = {
			isa = PBXSourcesBuildPhase;
			buildActionMask = 2147483647;
			files = (
				0D10B9A1274ECF36003C42DC /* StatusEnum.swift in Sources */,
				0D10B99C274ECED8003C42DC /* UserDefault.swift in Sources */,
				0D489591274EC2EC000FD355 /* AppDelegate.swift in Sources */,
				0D10B9B0274EDC80003C42DC /* UIViewController.swift in Sources */,
				0D10B9A3274ECF5E003C42DC /* TicTacToeModel.swift in Sources */,
				0D489593274EC2EC000FD355 /* SceneDelegate.swift in Sources */,
				0D10B9AA274ED09C003C42DC /* Notification.swift in Sources */,
				0D10B9A5274ECFF4003C42DC /* TicTacToeIA.swift in Sources */,
				0D10B9B9274EE812003C42DC /* PreferencesViewController.swift in Sources */,
				0D10B9AD274EDA39003C42DC /* TicTacToeViewController.swift in Sources */,
				0D10B9A8274ED067003C42DC /* Notification.name.swift in Sources */,
				0D10B99F274ECF16003C42DC /* BoxStatus.swift in Sources */,
				0D10B9B3274EDCC0003C42DC /* UIButton.swift in Sources */,
			);
			runOnlyForDeploymentPostprocessing = 0;
		};
		0D48959F274EC2F6000FD355 /* Sources */ = {
			isa = PBXSourcesBuildPhase;
			buildActionMask = 2147483647;
			files = (
				0D10B9B5274EE25A003C42DC /* TicTacToeModelTests.swift in Sources */,
			);
			runOnlyForDeploymentPostprocessing = 0;
		};
		0D4895AA274EC2F6000FD355 /* Sources */ = {
			isa = PBXSourcesBuildPhase;
			buildActionMask = 2147483647;
			files = (
			);
			runOnlyForDeploymentPostprocessing = 0;
		};
/* End PBXSourcesBuildPhase section */

/* Begin PBXTargetDependency section */
		0D4895A5274EC2F6000FD355 /* PBXTargetDependency */ = {
			isa = PBXTargetDependency;
			target = 0D48958C274EC2EC000FD355 /* TicTacToe */;
			targetProxy = 0D4895A4274EC2F6000FD355 /* PBXContainerItemProxy */;
		};
		0D4895B0274EC2F6000FD355 /* PBXTargetDependency */ = {
			isa = PBXTargetDependency;
			target = 0D48958C274EC2EC000FD355 /* TicTacToe */;
			targetProxy = 0D4895AF274EC2F6000FD355 /* PBXContainerItemProxy */;
		};
/* End PBXTargetDependency section */

/* Begin PBXVariantGroup section */
		0D489596274EC2EC000FD355 /* Main.storyboard */ = {
			isa = PBXVariantGroup;
			children = (
				0D489597274EC2EC000FD355 /* Base */,
			);
			name = Main.storyboard;
			sourceTree = "<group>";
		};
		0D48959B274EC2F5000FD355 /* LaunchScreen.storyboard */ = {
			isa = PBXVariantGroup;
			children = (
				0D48959C274EC2F5000FD355 /* Base */,
			);
			name = LaunchScreen.storyboard;
			sourceTree = "<group>";
		};
/* End PBXVariantGroup section */

/* Begin XCBuildConfiguration section */
		0D4895B5274EC2F6000FD355 /* Debug */ = {
			isa = XCBuildConfiguration;
			buildSettings = {
				ALWAYS_SEARCH_USER_PATHS = NO;
				CLANG_ANALYZER_NONNULL = YES;
				CLANG_ANALYZER_NUMBER_OBJECT_CONVERSION = YES_AGGRESSIVE;
				CLANG_CXX_LANGUAGE_STANDARD = "gnu++14";
				CLANG_CXX_LIBRARY = "libc++";
				CLANG_ENABLE_MODULES = YES;
				CLANG_ENABLE_OBJC_ARC = YES;
				CLANG_ENABLE_OBJC_WEAK = YES;
				CLANG_WARN_BLOCK_CAPTURE_AUTORELEASING = YES;
				CLANG_WARN_BOOL_CONVERSION = YES;
				CLANG_WARN_COMMA = YES;
				CLANG_WARN_CONSTANT_CONVERSION = YES;
				CLANG_WARN_DEPRECATED_OBJC_IMPLEMENTATIONS = YES;
				CLANG_WARN_DIRECT_OBJC_ISA_USAGE = YES_ERROR;
				CLANG_WARN_DOCUMENTATION_COMMENTS = YES;
				CLANG_WARN_EMPTY_BODY = YES;
				CLANG_WARN_ENUM_CONVERSION = YES;
				CLANG_WARN_INFINITE_RECURSION = YES;
				CLANG_WARN_INT_CONVERSION = YES;
				CLANG_WARN_NON_LITERAL_NULL_CONVERSION = YES;
				CLANG_WARN_OBJC_IMPLICIT_RETAIN_SELF = YES;
				CLANG_WARN_OBJC_LITERAL_CONVERSION = YES;
				CLANG_WARN_OBJC_ROOT_CLASS = YES_ERROR;
				CLANG_WARN_QUOTED_INCLUDE_IN_FRAMEWORK_HEADER = YES;
				CLANG_WARN_RANGE_LOOP_ANALYSIS = YES;
				CLANG_WARN_STRICT_PROTOTYPES = YES;
				CLANG_WARN_SUSPICIOUS_MOVE = YES;
				CLANG_WARN_UNGUARDED_AVAILABILITY = YES_AGGRESSIVE;
				CLANG_WARN_UNREACHABLE_CODE = YES;
				CLANG_WARN__DUPLICATE_METHOD_MATCH = YES;
				COPY_PHASE_STRIP = NO;
				DEBUG_INFORMATION_FORMAT = dwarf;
				ENABLE_STRICT_OBJC_MSGSEND = YES;
				ENABLE_TESTABILITY = YES;
				GCC_C_LANGUAGE_STANDARD = gnu11;
				GCC_DYNAMIC_NO_PIC = NO;
				GCC_NO_COMMON_BLOCKS = YES;
				GCC_OPTIMIZATION_LEVEL = 0;
				GCC_PREPROCESSOR_DEFINITIONS = (
					"DEBUG=1",
					"$(inherited)",
				);
				GCC_WARN_64_TO_32_BIT_CONVERSION = YES;
				GCC_WARN_ABOUT_RETURN_TYPE = YES_ERROR;
				GCC_WARN_UNDECLARED_SELECTOR = YES;
				GCC_WARN_UNINITIALIZED_AUTOS = YES_AGGRESSIVE;
				GCC_WARN_UNUSED_FUNCTION = YES;
				GCC_WARN_UNUSED_VARIABLE = YES;
				IPHONEOS_DEPLOYMENT_TARGET = 13.0;
				MTL_ENABLE_DEBUG_INFO = INCLUDE_SOURCE;
				MTL_FAST_MATH = YES;
				ONLY_ACTIVE_ARCH = YES;
				SDKROOT = iphoneos;
				SWIFT_ACTIVE_COMPILATION_CONDITIONS = DEBUG;
				SWIFT_OPTIMIZATION_LEVEL = "-Onone";
			};
			name = Debug;
		};
		0D4895B6274EC2F6000FD355 /* Release */ = {
			isa = XCBuildConfiguration;
			buildSettings = {
				ALWAYS_SEARCH_USER_PATHS = NO;
				CLANG_ANALYZER_NONNULL = YES;
				CLANG_ANALYZER_NUMBER_OBJECT_CONVERSION = YES_AGGRESSIVE;
				CLANG_CXX_LANGUAGE_STANDARD = "gnu++14";
				CLANG_CXX_LIBRARY = "libc++";
				CLANG_ENABLE_MODULES = YES;
				CLANG_ENABLE_OBJC_ARC = YES;
				CLANG_ENABLE_OBJC_WEAK = YES;
				CLANG_WARN_BLOCK_CAPTURE_AUTORELEASING = YES;
				CLANG_WARN_BOOL_CONVERSION = YES;
				CLANG_WARN_COMMA = YES;
				CLANG_WARN_CONSTANT_CONVERSION = YES;
				CLANG_WARN_DEPRECATED_OBJC_IMPLEMENTATIONS = YES;
				CLANG_WARN_DIRECT_OBJC_ISA_USAGE = YES_ERROR;
				CLANG_WARN_DOCUMENTATION_COMMENTS = YES;
				CLANG_WARN_EMPTY_BODY = YES;
				CLANG_WARN_ENUM_CONVERSION = YES;
				CLANG_WARN_INFINITE_RECURSION = YES;
				CLANG_WARN_INT_CONVERSION = YES;
				CLANG_WARN_NON_LITERAL_NULL_CONVERSION = YES;
				CLANG_WARN_OBJC_IMPLICIT_RETAIN_SELF = YES;
				CLANG_WARN_OBJC_LITERAL_CONVERSION = YES;
				CLANG_WARN_OBJC_ROOT_CLASS = YES_ERROR;
				CLANG_WARN_QUOTED_INCLUDE_IN_FRAMEWORK_HEADER = YES;
				CLANG_WARN_RANGE_LOOP_ANALYSIS = YES;
				CLANG_WARN_STRICT_PROTOTYPES = YES;
				CLANG_WARN_SUSPICIOUS_MOVE = YES;
				CLANG_WARN_UNGUARDED_AVAILABILITY = YES_AGGRESSIVE;
				CLANG_WARN_UNREACHABLE_CODE = YES;
				CLANG_WARN__DUPLICATE_METHOD_MATCH = YES;
				COPY_PHASE_STRIP = NO;
				DEBUG_INFORMATION_FORMAT = "dwarf-with-dsym";
				ENABLE_NS_ASSERTIONS = NO;
				ENABLE_STRICT_OBJC_MSGSEND = YES;
				GCC_C_LANGUAGE_STANDARD = gnu11;
				GCC_NO_COMMON_BLOCKS = YES;
				GCC_WARN_64_TO_32_BIT_CONVERSION = YES;
				GCC_WARN_ABOUT_RETURN_TYPE = YES_ERROR;
				GCC_WARN_UNDECLARED_SELECTOR = YES;
				GCC_WARN_UNINITIALIZED_AUTOS = YES_AGGRESSIVE;
				GCC_WARN_UNUSED_FUNCTION = YES;
				GCC_WARN_UNUSED_VARIABLE = YES;
				IPHONEOS_DEPLOYMENT_TARGET = 13.0;
				MTL_ENABLE_DEBUG_INFO = NO;
				MTL_FAST_MATH = YES;
				SDKROOT = iphoneos;
				SWIFT_COMPILATION_MODE = wholemodule;
				SWIFT_OPTIMIZATION_LEVEL = "-O";
				VALIDATE_PRODUCT = YES;
			};
			name = Release;
		};
		0D4895B8274EC2F6000FD355 /* Debug */ = {
			isa = XCBuildConfiguration;
			buildSettings = {
				ASSETCATALOG_COMPILER_APPICON_NAME = AppIcon;
				ASSETCATALOG_COMPILER_GLOBAL_ACCENT_COLOR_NAME = AccentColor;
				CODE_SIGN_STYLE = Automatic;
				INFOPLIST_FILE = TicTacToe/Info.plist;
				IPHONEOS_DEPLOYMENT_TARGET = 13.0;
				LD_RUNPATH_SEARCH_PATHS = (
					"$(inherited)",
					"@executable_path/Frameworks",
				);
				PRODUCT_BUNDLE_IDENTIFIER = com.Elie.TicTacToe;
				PRODUCT_NAME = "$(TARGET_NAME)";
				SWIFT_VERSION = 5.0;
				TARGETED_DEVICE_FAMILY = 1;
			};
			name = Debug;
		};
		0D4895B9274EC2F6000FD355 /* Release */ = {
			isa = XCBuildConfiguration;
			buildSettings = {
				ASSETCATALOG_COMPILER_APPICON_NAME = AppIcon;
				ASSETCATALOG_COMPILER_GLOBAL_ACCENT_COLOR_NAME = AccentColor;
				CODE_SIGN_STYLE = Automatic;
				INFOPLIST_FILE = TicTacToe/Info.plist;
				IPHONEOS_DEPLOYMENT_TARGET = 13.0;
				LD_RUNPATH_SEARCH_PATHS = (
					"$(inherited)",
					"@executable_path/Frameworks",
				);
				PRODUCT_BUNDLE_IDENTIFIER = com.Elie.TicTacToe;
				PRODUCT_NAME = "$(TARGET_NAME)";
				SWIFT_VERSION = 5.0;
				TARGETED_DEVICE_FAMILY = 1;
			};
			name = Release;
		};
		0D4895BB274EC2F6000FD355 /* Debug */ = {
			isa = XCBuildConfiguration;
			buildSettings = {
				ALWAYS_EMBED_SWIFT_STANDARD_LIBRARIES = YES;
				BUNDLE_LOADER = "$(TEST_HOST)";
				CODE_SIGN_STYLE = Automatic;
				INFOPLIST_FILE = TicTacToeTests/Info.plist;
				IPHONEOS_DEPLOYMENT_TARGET = 14.5;
				LD_RUNPATH_SEARCH_PATHS = (
					"$(inherited)",
					"@executable_path/Frameworks",
					"@loader_path/Frameworks",
				);
				PRODUCT_BUNDLE_IDENTIFIER = com.Elie.TicTacToeTests;
				PRODUCT_NAME = "$(TARGET_NAME)";
				SWIFT_VERSION = 5.0;
				TARGETED_DEVICE_FAMILY = "1,2";
				TEST_HOST = "$(BUILT_PRODUCTS_DIR)/TicTacToe.app/TicTacToe";
			};
			name = Debug;
		};
		0D4895BC274EC2F6000FD355 /* Release */ = {
			isa = XCBuildConfiguration;
			buildSettings = {
				ALWAYS_EMBED_SWIFT_STANDARD_LIBRARIES = YES;
				BUNDLE_LOADER = "$(TEST_HOST)";
				CODE_SIGN_STYLE = Automatic;
				INFOPLIST_FILE = TicTacToeTests/Info.plist;
				IPHONEOS_DEPLOYMENT_TARGET = 14.5;
				LD_RUNPATH_SEARCH_PATHS = (
					"$(inherited)",
					"@executable_path/Frameworks",
					"@loader_path/Frameworks",
				);
				PRODUCT_BUNDLE_IDENTIFIER = com.Elie.TicTacToeTests;
				PRODUCT_NAME = "$(TARGET_NAME)";
				SWIFT_VERSION = 5.0;
				TARGETED_DEVICE_FAMILY = "1,2";
				TEST_HOST = "$(BUILT_PRODUCTS_DIR)/TicTacToe.app/TicTacToe";
			};
			name = Release;
		};
		0D4895BE274EC2F6000FD355 /* Debug */ = {
			isa = XCBuildConfiguration;
			buildSettings = {
				ALWAYS_EMBED_SWIFT_STANDARD_LIBRARIES = YES;
				CODE_SIGN_STYLE = Automatic;
				INFOPLIST_FILE = TicTacToeUITests/Info.plist;
				LD_RUNPATH_SEARCH_PATHS = (
					"$(inherited)",
					"@executable_path/Frameworks",
					"@loader_path/Frameworks",
				);
				PRODUCT_BUNDLE_IDENTIFIER = com.Elie.TicTacToeUITests;
				PRODUCT_NAME = "$(TARGET_NAME)";
				SWIFT_VERSION = 5.0;
				TARGETED_DEVICE_FAMILY = "1,2";
				TEST_TARGET_NAME = TicTacToe;
			};
			name = Debug;
		};
		0D4895BF274EC2F6000FD355 /* Release */ = {
			isa = XCBuildConfiguration;
			buildSettings = {
				ALWAYS_EMBED_SWIFT_STANDARD_LIBRARIES = YES;
				CODE_SIGN_STYLE = Automatic;
				INFOPLIST_FILE = TicTacToeUITests/Info.plist;
				LD_RUNPATH_SEARCH_PATHS = (
					"$(inherited)",
					"@executable_path/Frameworks",
					"@loader_path/Frameworks",
				);
				PRODUCT_BUNDLE_IDENTIFIER = com.Elie.TicTacToeUITests;
				PRODUCT_NAME = "$(TARGET_NAME)";
				SWIFT_VERSION = 5.0;
				TARGETED_DEVICE_FAMILY = "1,2";
				TEST_TARGET_NAME = TicTacToe;
			};
			name = Release;
		};
/* End XCBuildConfiguration section */

/* Begin XCConfigurationList section */
		0D489588274EC2EC000FD355 /* Build configuration list for PBXProject "TicTacToe" */ = {
			isa = XCConfigurationList;
			buildConfigurations = (
				0D4895B5274EC2F6000FD355 /* Debug */,
				0D4895B6274EC2F6000FD355 /* Release */,
			);
			defaultConfigurationIsVisible = 0;
			defaultConfigurationName = Release;
		};
		0D4895B7274EC2F6000FD355 /* Build configuration list for PBXNativeTarget "TicTacToe" */ = {
			isa = XCConfigurationList;
			buildConfigurations = (
				0D4895B8274EC2F6000FD355 /* Debug */,
				0D4895B9274EC2F6000FD355 /* Release */,
			);
			defaultConfigurationIsVisible = 0;
			defaultConfigurationName = Release;
		};
		0D4895BA274EC2F6000FD355 /* Build configuration list for PBXNativeTarget "TicTacToeTests" */ = {
			isa = XCConfigurationList;
			buildConfigurations = (
				0D4895BB274EC2F6000FD355 /* Debug */,
				0D4895BC274EC2F6000FD355 /* Release */,
			);
			defaultConfigurationIsVisible = 0;
			defaultConfigurationName = Release;
		};
		0D4895BD274EC2F6000FD355 /* Build configuration list for PBXNativeTarget "TicTacToeUITests" */ = {
			isa = XCConfigurationList;
			buildConfigurations = (
				0D4895BE274EC2F6000FD355 /* Debug */,
				0D4895BF274EC2F6000FD355 /* Release */,
			);
			defaultConfigurationIsVisible = 0;
			defaultConfigurationName = Release;
		};
/* End XCConfigurationList section */
	};
	rootObject = 0D489585274EC2EB000FD355 /* Project object */;
}
